
Microsoft Visual Studio Solution File, Format Version 12.00
# Visual Studio Version 17
VisualStudioVersion = 17.13.35818.85 d17.13
MinimumVisualStudioVersion = 10.0.40219.1
Project("{FAE04EC0-301F-11D3-BF4B-00C04F79EFBC}") = "tpmodul6_103022300142", "tpmodul6_103022300142\tpmodul6_103022300142.csproj", "{AE755155-83CB-40CD-A6F5-BE01BEF962BC}"
EndProject
Global
	GlobalSection(SolutionConfigurationPlatforms) = preSolution
		Debug|Any CPU = Debug|Any CPU
		Release|Any CPU = Release|Any CPU
	EndGlobalSection
	GlobalSection(ProjectConfigurationPlatforms) = postSolution
		{AE755155-83CB-40CD-A6F5-BE01BEF962BC}.Debug|Any CPU.ActiveCfg = Debug|Any CPU
		{AE755155-83CB-40CD-A6F5-BE01BEF962BC}.Debug|Any CPU.Build.0 = Debug|Any CPU
		{AE755155-83CB-40CD-A6F5-BE01BEF962BC}.Release|Any CPU.ActiveCfg = Release|Any CPU
		{AE755155-83CB-40CD-A6F5-BE01BEF962BC}.Release|Any CPU.Build.0 = Release|Any CPU
	EndGlobalSection
	GlobalSection(SolutionProperties) = preSolution
		HideSolutionNode = FALSE
	EndGlobalSection
	GlobalSection(ExtensibilityGlobals) = postSolution
		SolutionGuid = {04A93FE9-F816-4C02-A7C2-4F20FE6AB587}
	EndGlobalSection
EndGlobal
